// !$*UTF8*$!
{
	archiveVersion = 1;
	classes = {
	};
	objectVersion = 52;
	objects = {

/* Begin PBXBuildFile section */
		6228CFD82408407A0041002D /* EventTableViewCell.swift in Sources */ = {isa = PBXBuildFile; fileRef = 6228CFD72408407A0041002D /* EventTableViewCell.swift */; };
		6228CFDB240844390041002D /* ViewCoding.swift in Sources */ = {isa = PBXBuildFile; fileRef = 6228CFDA240844390041002D /* ViewCoding.swift */; };
		6228CFDD240990720041002D /* UIViewExtension.swift in Sources */ = {isa = PBXBuildFile; fileRef = 6228CFDC240990720041002D /* UIViewExtension.swift */; };
		623EDF662409B12100E35AF6 /* EventCellViewModel.swift in Sources */ = {isa = PBXBuildFile; fileRef = 623EDF652409B12100E35AF6 /* EventCellViewModel.swift */; };
		623EDF682409B3AD00E35AF6 /* EventCellService.swift in Sources */ = {isa = PBXBuildFile; fileRef = 623EDF672409B3AD00E35AF6 /* EventCellService.swift */; };
		623EDF6A2409B53100E35AF6 /* APIClientError.swift in Sources */ = {isa = PBXBuildFile; fileRef = 623EDF692409B53100E35AF6 /* APIClientError.swift */; };
		6260B9CF23FC817400361ABD /* AppDelegate.swift in Sources */ = {isa = PBXBuildFile; fileRef = 6260B9CE23FC817400361ABD /* AppDelegate.swift */; };
		6260B9D123FC817400361ABD /* SceneDelegate.swift in Sources */ = {isa = PBXBuildFile; fileRef = 6260B9D023FC817400361ABD /* SceneDelegate.swift */; };
		6260B9D823FC817600361ABD /* Assets.xcassets in Resources */ = {isa = PBXBuildFile; fileRef = 6260B9D723FC817600361ABD /* Assets.xcassets */; };
		6260B9DB23FC817600361ABD /* LaunchScreen.storyboard in Resources */ = {isa = PBXBuildFile; fileRef = 6260B9D923FC817600361ABD /* LaunchScreen.storyboard */; };
		6260B9E623FC817600361ABD /* EventsTests.swift in Sources */ = {isa = PBXBuildFile; fileRef = 6260B9E523FC817600361ABD /* EventsTests.swift */; };
		6260B9F223FC856A00361ABD /* MainCoordinator.swift in Sources */ = {isa = PBXBuildFile; fileRef = 6260B9F123FC856A00361ABD /* MainCoordinator.swift */; };
		6260B9F523FC866F00361ABD /* EventsListViewController.swift in Sources */ = {isa = PBXBuildFile; fileRef = 6260B9F423FC866F00361ABD /* EventsListViewController.swift */; };
		6260B9F823FC869800361ABD /* EventsListView.swift in Sources */ = {isa = PBXBuildFile; fileRef = 6260B9F723FC869800361ABD /* EventsListView.swift */; };
		62AF9C7F240CB4F400871865 /* EventDetailViewModel.swift in Sources */ = {isa = PBXBuildFile; fileRef = 62AF9C7E240CB4F400871865 /* EventDetailViewModel.swift */; };
		62AF9C81240CB56700871865 /* EventDetailViewController.swift in Sources */ = {isa = PBXBuildFile; fileRef = 62AF9C80240CB56700871865 /* EventDetailViewController.swift */; };
		62AF9C83240CB71000871865 /* EventDetailView.swift in Sources */ = {isa = PBXBuildFile; fileRef = 62AF9C82240CB71000871865 /* EventDetailView.swift */; };
		62BDBBCB23FCA026008E91F4 /* EventsListService.swift in Sources */ = {isa = PBXBuildFile; fileRef = 62BDBBCA23FCA026008E91F4 /* EventsListService.swift */; };
		62BDBBCE23FCA061008E91F4 /* Alamofire in Frameworks */ = {isa = PBXBuildFile; productRef = 62BDBBCD23FCA061008E91F4 /* Alamofire */; };
		62BDBBD023FCA09D008E91F4 /* Event.swift in Sources */ = {isa = PBXBuildFile; fileRef = 62BDBBCF23FCA09D008E91F4 /* Event.swift */; };
		62BDBBD323FCA106008E91F4 /* Person.swift in Sources */ = {isa = PBXBuildFile; fileRef = 62BDBBD123FCA106008E91F4 /* Person.swift */; };
		62BDBBD423FCA106008E91F4 /* Cupon.swift in Sources */ = {isa = PBXBuildFile; fileRef = 62BDBBD223FCA106008E91F4 /* Cupon.swift */; };
		62BDBBD623FCCF78008E91F4 /* EventsListViewModel.swift in Sources */ = {isa = PBXBuildFile; fileRef = 62BDBBD523FCCF78008E91F4 /* EventsListViewModel.swift */; };
		62BDBBD923FCD028008E91F4 /* RxSwift in Frameworks */ = {isa = PBXBuildFile; productRef = 62BDBBD823FCD028008E91F4 /* RxSwift */; };
		62BDBBDB23FCD028008E91F4 /* RxCocoa in Frameworks */ = {isa = PBXBuildFile; productRef = 62BDBBDA23FCD028008E91F4 /* RxCocoa */; };
/* End PBXBuildFile section */

/* Begin PBXContainerItemProxy section */
		6260B9E223FC817600361ABD /* PBXContainerItemProxy */ = {
			isa = PBXContainerItemProxy;
			containerPortal = 6260B9C323FC817400361ABD /* Project object */;
			proxyType = 1;
			remoteGlobalIDString = 6260B9CA23FC817400361ABD;
			remoteInfo = Events;
		};
/* End PBXContainerItemProxy section */

/* Begin PBXFileReference section */
		6228CFD72408407A0041002D /* EventTableViewCell.swift */ = {isa = PBXFileReference; lastKnownFileType = sourcecode.swift; path = EventTableViewCell.swift; sourceTree = "<group>"; };
		6228CFDA240844390041002D /* ViewCoding.swift */ = {isa = PBXFileReference; lastKnownFileType = sourcecode.swift; path = ViewCoding.swift; sourceTree = "<group>"; };
		6228CFDC240990720041002D /* UIViewExtension.swift */ = {isa = PBXFileReference; lastKnownFileType = sourcecode.swift; path = UIViewExtension.swift; sourceTree = "<group>"; };
		623EDF652409B12100E35AF6 /* EventCellViewModel.swift */ = {isa = PBXFileReference; lastKnownFileType = sourcecode.swift; path = EventCellViewModel.swift; sourceTree = "<group>"; };
		623EDF672409B3AD00E35AF6 /* EventCellService.swift */ = {isa = PBXFileReference; lastKnownFileType = sourcecode.swift; path = EventCellService.swift; sourceTree = "<group>"; };
		623EDF692409B53100E35AF6 /* APIClientError.swift */ = {isa = PBXFileReference; lastKnownFileType = sourcecode.swift; path = APIClientError.swift; sourceTree = "<group>"; };
		6260B9CB23FC817400361ABD /* Events.app */ = {isa = PBXFileReference; explicitFileType = wrapper.application; includeInIndex = 0; path = Events.app; sourceTree = BUILT_PRODUCTS_DIR; };
		6260B9CE23FC817400361ABD /* AppDelegate.swift */ = {isa = PBXFileReference; lastKnownFileType = sourcecode.swift; path = AppDelegate.swift; sourceTree = "<group>"; };
		6260B9D023FC817400361ABD /* SceneDelegate.swift */ = {isa = PBXFileReference; lastKnownFileType = sourcecode.swift; path = SceneDelegate.swift; sourceTree = "<group>"; };
		6260B9D723FC817600361ABD /* Assets.xcassets */ = {isa = PBXFileReference; lastKnownFileType = folder.assetcatalog; path = Assets.xcassets; sourceTree = "<group>"; };
		6260B9DA23FC817600361ABD /* Base */ = {isa = PBXFileReference; lastKnownFileType = file.storyboard; name = Base; path = Base.lproj/LaunchScreen.storyboard; sourceTree = "<group>"; };
		6260B9DC23FC817600361ABD /* Info.plist */ = {isa = PBXFileReference; lastKnownFileType = text.plist.xml; path = Info.plist; sourceTree = "<group>"; };
		6260B9E123FC817600361ABD /* EventsTests.xctest */ = {isa = PBXFileReference; explicitFileType = wrapper.cfbundle; includeInIndex = 0; path = EventsTests.xctest; sourceTree = BUILT_PRODUCTS_DIR; };
		6260B9E523FC817600361ABD /* EventsTests.swift */ = {isa = PBXFileReference; lastKnownFileType = sourcecode.swift; path = EventsTests.swift; sourceTree = "<group>"; };
		6260B9E723FC817600361ABD /* Info.plist */ = {isa = PBXFileReference; lastKnownFileType = text.plist.xml; path = Info.plist; sourceTree = "<group>"; };
		6260B9F123FC856A00361ABD /* MainCoordinator.swift */ = {isa = PBXFileReference; lastKnownFileType = sourcecode.swift; path = MainCoordinator.swift; sourceTree = "<group>"; };
		6260B9F423FC866F00361ABD /* EventsListViewController.swift */ = {isa = PBXFileReference; lastKnownFileType = sourcecode.swift; path = EventsListViewController.swift; sourceTree = "<group>"; };
		6260B9F723FC869800361ABD /* EventsListView.swift */ = {isa = PBXFileReference; lastKnownFileType = sourcecode.swift; path = EventsListView.swift; sourceTree = "<group>"; };
		62AF9C7E240CB4F400871865 /* EventDetailViewModel.swift */ = {isa = PBXFileReference; lastKnownFileType = sourcecode.swift; path = EventDetailViewModel.swift; sourceTree = "<group>"; };
		62AF9C80240CB56700871865 /* EventDetailViewController.swift */ = {isa = PBXFileReference; lastKnownFileType = sourcecode.swift; path = EventDetailViewController.swift; sourceTree = "<group>"; };
		62AF9C82240CB71000871865 /* EventDetailView.swift */ = {isa = PBXFileReference; lastKnownFileType = sourcecode.swift; path = EventDetailView.swift; sourceTree = "<group>"; };
		62BDBBCA23FCA026008E91F4 /* EventsListService.swift */ = {isa = PBXFileReference; fileEncoding = 4; lastKnownFileType = sourcecode.swift; path = EventsListService.swift; sourceTree = "<group>"; };
		62BDBBCF23FCA09D008E91F4 /* Event.swift */ = {isa = PBXFileReference; lastKnownFileType = sourcecode.swift; path = Event.swift; sourceTree = "<group>"; };
		62BDBBD123FCA106008E91F4 /* Person.swift */ = {isa = PBXFileReference; fileEncoding = 4; lastKnownFileType = sourcecode.swift; path = Person.swift; sourceTree = "<group>"; };
		62BDBBD223FCA106008E91F4 /* Cupon.swift */ = {isa = PBXFileReference; fileEncoding = 4; lastKnownFileType = sourcecode.swift; path = Cupon.swift; sourceTree = "<group>"; };
		62BDBBD523FCCF78008E91F4 /* EventsListViewModel.swift */ = {isa = PBXFileReference; fileEncoding = 4; lastKnownFileType = sourcecode.swift; path = EventsListViewModel.swift; sourceTree = "<group>"; };
/* End PBXFileReference section */

/* Begin PBXFrameworksBuildPhase section */
		6260B9C823FC817400361ABD /* Frameworks */ = {
			isa = PBXFrameworksBuildPhase;
			buildActionMask = 2147483647;
			files = (
				62BDBBDB23FCD028008E91F4 /* RxCocoa in Frameworks */,
				62BDBBD923FCD028008E91F4 /* RxSwift in Frameworks */,
				62BDBBCE23FCA061008E91F4 /* Alamofire in Frameworks */,
			);
			runOnlyForDeploymentPostprocessing = 0;
		};
		6260B9DE23FC817600361ABD /* Frameworks */ = {
			isa = PBXFrameworksBuildPhase;
			buildActionMask = 2147483647;
			files = (
			);
			runOnlyForDeploymentPostprocessing = 0;
		};
/* End PBXFrameworksBuildPhase section */

/* Begin PBXGroup section */
		62282BFD23FC92C10027D533 /* Service */ = {
			isa = PBXGroup;
			children = (
				62BDBBCA23FCA026008E91F4 /* EventsListService.swift */,
				623EDF672409B3AD00E35AF6 /* EventCellService.swift */,
				623EDF692409B53100E35AF6 /* APIClientError.swift */,
			);
			path = Service;
			sourceTree = "<group>";
		};
		62282C0023FC95B30027D533 /* ViewModels */ = {
			isa = PBXGroup;
			children = (
				62BDBBD523FCCF78008E91F4 /* EventsListViewModel.swift */,
				623EDF652409B12100E35AF6 /* EventCellViewModel.swift */,
				62AF9C7E240CB4F400871865 /* EventDetailViewModel.swift */,
			);
			path = ViewModels;
			sourceTree = "<group>";
		};
		62282C0323FC988D0027D533 /* Models */ = {
			isa = PBXGroup;
			children = (
				62BDBBD223FCA106008E91F4 /* Cupon.swift */,
				62BDBBD123FCA106008E91F4 /* Person.swift */,
				62BDBBCF23FCA09D008E91F4 /* Event.swift */,
			);
			path = Models;
			sourceTree = "<group>";
		};
		6228CFD6240840570041002D /* Cells */ = {
			isa = PBXGroup;
			children = (
				6228CFD72408407A0041002D /* EventTableViewCell.swift */,
			);
			path = Cells;
			sourceTree = "<group>";
		};
		6228CFD9240844310041002D /* Protocols */ = {
			isa = PBXGroup;
			children = (
				6228CFDA240844390041002D /* ViewCoding.swift */,
			);
			path = Protocols;
			sourceTree = "<group>";
		};
		6228CFDF240990C20041002D /* Extensions */ = {
			isa = PBXGroup;
			children = (
				6228CFDC240990720041002D /* UIViewExtension.swift */,
			);
			path = Extensions;
			sourceTree = "<group>";
		};
		6260B9C223FC817400361ABD = {
			isa = PBXGroup;
			children = (
				6260B9CD23FC817400361ABD /* Events */,
				6260B9E423FC817600361ABD /* EventsTests */,
				6260B9CC23FC817400361ABD /* Products */,
			);
			sourceTree = "<group>";
		};
		6260B9CC23FC817400361ABD /* Products */ = {
			isa = PBXGroup;
			children = (
				6260B9CB23FC817400361ABD /* Events.app */,
				6260B9E123FC817600361ABD /* EventsTests.xctest */,
			);
			name = Products;
			sourceTree = "<group>";
		};
		6260B9CD23FC817400361ABD /* Events */ = {
			isa = PBXGroup;
			children = (
				6228CFDF240990C20041002D /* Extensions */,
				6228CFD9240844310041002D /* Protocols */,
				6228CFD6240840570041002D /* Cells */,
				62282C0323FC988D0027D533 /* Models */,
				62282C0023FC95B30027D533 /* ViewModels */,
				62282BFD23FC92C10027D533 /* Service */,
				6260B9F623FC868600361ABD /* Views */,
				6260B9F323FC862E00361ABD /* Controllers */,
				6260B9F023FC854E00361ABD /* Coordinator */,
				6260B9CE23FC817400361ABD /* AppDelegate.swift */,
				6260B9D023FC817400361ABD /* SceneDelegate.swift */,
				6260B9D723FC817600361ABD /* Assets.xcassets */,
				6260B9D923FC817600361ABD /* LaunchScreen.storyboard */,
				6260B9DC23FC817600361ABD /* Info.plist */,
			);
			path = Events;
			sourceTree = "<group>";
		};
		6260B9E423FC817600361ABD /* EventsTests */ = {
			isa = PBXGroup;
			children = (
				6260B9E523FC817600361ABD /* EventsTests.swift */,
				6260B9E723FC817600361ABD /* Info.plist */,
			);
			path = EventsTests;
			sourceTree = "<group>";
		};
		6260B9F023FC854E00361ABD /* Coordinator */ = {
			isa = PBXGroup;
			children = (
				6260B9F123FC856A00361ABD /* MainCoordinator.swift */,
			);
			path = Coordinator;
			sourceTree = "<group>";
		};
		6260B9F323FC862E00361ABD /* Controllers */ = {
			isa = PBXGroup;
			children = (
				6260B9F423FC866F00361ABD /* EventsListViewController.swift */,
				62AF9C80240CB56700871865 /* EventDetailViewController.swift */,
			);
			path = Controllers;
			sourceTree = "<group>";
		};
		6260B9F623FC868600361ABD /* Views */ = {
			isa = PBXGroup;
			children = (
				6260B9F723FC869800361ABD /* EventsListView.swift */,
				62AF9C82240CB71000871865 /* EventDetailView.swift */,
			);
			path = Views;
			sourceTree = "<group>";
		};
/* End PBXGroup section */

/* Begin PBXNativeTarget section */
		6260B9CA23FC817400361ABD /* Events */ = {
			isa = PBXNativeTarget;
			buildConfigurationList = 6260B9EA23FC817600361ABD /* Build configuration list for PBXNativeTarget "Events" */;
			buildPhases = (
				6260B9C723FC817400361ABD /* Sources */,
				6260B9C823FC817400361ABD /* Frameworks */,
				6260B9C923FC817400361ABD /* Resources */,
			);
			buildRules = (
			);
			dependencies = (
			);
			name = Events;
			packageProductDependencies = (
				62BDBBCD23FCA061008E91F4 /* Alamofire */,
				62BDBBD823FCD028008E91F4 /* RxSwift */,
				62BDBBDA23FCD028008E91F4 /* RxCocoa */,
			);
			productName = Events;
			productReference = 6260B9CB23FC817400361ABD /* Events.app */;
			productType = "com.apple.product-type.application";
		};
		6260B9E023FC817600361ABD /* EventsTests */ = {
			isa = PBXNativeTarget;
			buildConfigurationList = 6260B9ED23FC817600361ABD /* Build configuration list for PBXNativeTarget "EventsTests" */;
			buildPhases = (
				6260B9DD23FC817600361ABD /* Sources */,
				6260B9DE23FC817600361ABD /* Frameworks */,
				6260B9DF23FC817600361ABD /* Resources */,
			);
			buildRules = (
			);
			dependencies = (
				6260B9E323FC817600361ABD /* PBXTargetDependency */,
			);
			name = EventsTests;
			productName = EventsTests;
			productReference = 6260B9E123FC817600361ABD /* EventsTests.xctest */;
			productType = "com.apple.product-type.bundle.unit-test";
		};
/* End PBXNativeTarget section */

/* Begin PBXProject section */
		6260B9C323FC817400361ABD /* Project object */ = {
			isa = PBXProject;
			attributes = {
				LastSwiftUpdateCheck = 1130;
				LastUpgradeCheck = 1130;
				ORGANIZATIONNAME = arthur.giachini;
				TargetAttributes = {
					6260B9CA23FC817400361ABD = {
						CreatedOnToolsVersion = 11.3;
					};
					6260B9E023FC817600361ABD = {
						CreatedOnToolsVersion = 11.3;
						TestTargetID = 6260B9CA23FC817400361ABD;
					};
				};
			};
			buildConfigurationList = 6260B9C623FC817400361ABD /* Build configuration list for PBXProject "Events" */;
			compatibilityVersion = "Xcode 9.3";
			developmentRegion = en;
			hasScannedForEncodings = 0;
			knownRegions = (
				en,
				Base,
			);
			mainGroup = 6260B9C223FC817400361ABD;
			packageReferences = (
				62BDBBCC23FCA061008E91F4 /* XCRemoteSwiftPackageReference "Alamofire" */,
				62BDBBD723FCD028008E91F4 /* XCRemoteSwiftPackageReference "RxSwift" */,
			);
			productRefGroup = 6260B9CC23FC817400361ABD /* Products */;
			projectDirPath = "";
			projectRoot = "";
			targets = (
				6260B9CA23FC817400361ABD /* Events */,
				6260B9E023FC817600361ABD /* EventsTests */,
			);
		};
/* End PBXProject section */

/* Begin PBXResourcesBuildPhase section */
		6260B9C923FC817400361ABD /* Resources */ = {
			isa = PBXResourcesBuildPhase;
			buildActionMask = 2147483647;
			files = (
				6260B9DB23FC817600361ABD /* LaunchScreen.storyboard in Resources */,
				6260B9D823FC817600361ABD /* Assets.xcassets in Resources */,
			);
			runOnlyForDeploymentPostprocessing = 0;
		};
		6260B9DF23FC817600361ABD /* Resources */ = {
			isa = PBXResourcesBuildPhase;
			buildActionMask = 2147483647;
			files = (
			);
			runOnlyForDeploymentPostprocessing = 0;
		};
/* End PBXResourcesBuildPhase section */

/* Begin PBXSourcesBuildPhase section */
		6260B9C723FC817400361ABD /* Sources */ = {
			isa = PBXSourcesBuildPhase;
			buildActionMask = 2147483647;
			files = (
				623EDF682409B3AD00E35AF6 /* EventCellService.swift in Sources */,
				6260B9F823FC869800361ABD /* EventsListView.swift in Sources */,
				6228CFD82408407A0041002D /* EventTableViewCell.swift in Sources */,
				6260B9F523FC866F00361ABD /* EventsListViewController.swift in Sources */,
				6260B9F223FC856A00361ABD /* MainCoordinator.swift in Sources */,
				6260B9CF23FC817400361ABD /* AppDelegate.swift in Sources */,
				623EDF6A2409B53100E35AF6 /* APIClientError.swift in Sources */,
				62BDBBCB23FCA026008E91F4 /* EventsListService.swift in Sources */,
				62AF9C7F240CB4F400871865 /* EventDetailViewModel.swift in Sources */,
				62BDBBD023FCA09D008E91F4 /* Event.swift in Sources */,
				62BDBBD323FCA106008E91F4 /* Person.swift in Sources */,
				62AF9C83240CB71000871865 /* EventDetailView.swift in Sources */,
				62BDBBD423FCA106008E91F4 /* Cupon.swift in Sources */,
				62AF9C81240CB56700871865 /* EventDetailViewController.swift in Sources */,
				6228CFDD240990720041002D /* UIViewExtension.swift in Sources */,
				623EDF662409B12100E35AF6 /* EventCellViewModel.swift in Sources */,
				6260B9D123FC817400361ABD /* SceneDelegate.swift in Sources */,
				6228CFDB240844390041002D /* ViewCoding.swift in Sources */,
				62BDBBD623FCCF78008E91F4 /* EventsListViewModel.swift in Sources */,
			);
			runOnlyForDeploymentPostprocessing = 0;
		};
		6260B9DD23FC817600361ABD /* Sources */ = {
			isa = PBXSourcesBuildPhase;
			buildActionMask = 2147483647;
			files = (
				6260B9E623FC817600361ABD /* EventsTests.swift in Sources */,
			);
			runOnlyForDeploymentPostprocessing = 0;
		};
/* End PBXSourcesBuildPhase section */

/* Begin PBXTargetDependency section */
		6260B9E323FC817600361ABD /* PBXTargetDependency */ = {
			isa = PBXTargetDependency;
			target = 6260B9CA23FC817400361ABD /* Events */;
			targetProxy = 6260B9E223FC817600361ABD /* PBXContainerItemProxy */;
		};
/* End PBXTargetDependency section */

/* Begin PBXVariantGroup section */
		6260B9D923FC817600361ABD /* LaunchScreen.storyboard */ = {
			isa = PBXVariantGroup;
			children = (
				6260B9DA23FC817600361ABD /* Base */,
			);
			name = LaunchScreen.storyboard;
			sourceTree = "<group>";
		};
/* End PBXVariantGroup section */

/* Begin XCBuildConfiguration section */
		6260B9E823FC817600361ABD /* Debug */ = {
			isa = XCBuildConfiguration;
			buildSettings = {
				ALWAYS_SEARCH_USER_PATHS = NO;
				CLANG_ANALYZER_NONNULL = YES;
				CLANG_ANALYZER_NUMBER_OBJECT_CONVERSION = YES_AGGRESSIVE;
				CLANG_CXX_LANGUAGE_STANDARD = "gnu++14";
				CLANG_CXX_LIBRARY = "libc++";
				CLANG_ENABLE_MODULES = YES;
				CLANG_ENABLE_OBJC_ARC = YES;
				CLANG_ENABLE_OBJC_WEAK = YES;
				CLANG_WARN_BLOCK_CAPTURE_AUTORELEASING = YES;
				CLANG_WARN_BOOL_CONVERSION = YES;
				CLANG_WARN_COMMA = YES;
				CLANG_WARN_CONSTANT_CONVERSION = YES;
				CLANG_WARN_DEPRECATED_OBJC_IMPLEMENTATIONS = YES;
				CLANG_WARN_DIRECT_OBJC_ISA_USAGE = YES_ERROR;
				CLANG_WARN_DOCUMENTATION_COMMENTS = YES;
				CLANG_WARN_EMPTY_BODY = YES;
				CLANG_WARN_ENUM_CONVERSION = YES;
				CLANG_WARN_INFINITE_RECURSION = YES;
				CLANG_WARN_INT_CONVERSION = YES;
				CLANG_WARN_NON_LITERAL_NULL_CONVERSION = YES;
				CLANG_WARN_OBJC_IMPLICIT_RETAIN_SELF = YES;
				CLANG_WARN_OBJC_LITERAL_CONVERSION = YES;
				CLANG_WARN_OBJC_ROOT_CLASS = YES_ERROR;
				CLANG_WARN_RANGE_LOOP_ANALYSIS = YES;
				CLANG_WARN_STRICT_PROTOTYPES = YES;
				CLANG_WARN_SUSPICIOUS_MOVE = YES;
				CLANG_WARN_UNGUARDED_AVAILABILITY = YES_AGGRESSIVE;
				CLANG_WARN_UNREACHABLE_CODE = YES;
				CLANG_WARN__DUPLICATE_METHOD_MATCH = YES;
				COPY_PHASE_STRIP = NO;
				DEBUG_INFORMATION_FORMAT = dwarf;
				ENABLE_STRICT_OBJC_MSGSEND = YES;
				ENABLE_TESTABILITY = YES;
				GCC_C_LANGUAGE_STANDARD = gnu11;
				GCC_DYNAMIC_NO_PIC = NO;
				GCC_NO_COMMON_BLOCKS = YES;
				GCC_OPTIMIZATION_LEVEL = 0;
				GCC_PREPROCESSOR_DEFINITIONS = (
					"DEBUG=1",
					"$(inherited)",
				);
				GCC_WARN_64_TO_32_BIT_CONVERSION = YES;
				GCC_WARN_ABOUT_RETURN_TYPE = YES_ERROR;
				GCC_WARN_UNDECLARED_SELECTOR = YES;
				GCC_WARN_UNINITIALIZED_AUTOS = YES_AGGRESSIVE;
				GCC_WARN_UNUSED_FUNCTION = YES;
				GCC_WARN_UNUSED_VARIABLE = YES;
				IPHONEOS_DEPLOYMENT_TARGET = 13.2;
				MTL_ENABLE_DEBUG_INFO = INCLUDE_SOURCE;
				MTL_FAST_MATH = YES;
				ONLY_ACTIVE_ARCH = YES;
				SDKROOT = iphoneos;
				SWIFT_ACTIVE_COMPILATION_CONDITIONS = DEBUG;
				SWIFT_OPTIMIZATION_LEVEL = "-Onone";
			};
			name = Debug;
		};
		6260B9E923FC817600361ABD /* Release */ = {
			isa = XCBuildConfiguration;
			buildSettings = {
				ALWAYS_SEARCH_USER_PATHS = NO;
				CLANG_ANALYZER_NONNULL = YES;
				CLANG_ANALYZER_NUMBER_OBJECT_CONVERSION = YES_AGGRESSIVE;
				CLANG_CXX_LANGUAGE_STANDARD = "gnu++14";
				CLANG_CXX_LIBRARY = "libc++";
				CLANG_ENABLE_MODULES = YES;
				CLANG_ENABLE_OBJC_ARC = YES;
				CLANG_ENABLE_OBJC_WEAK = YES;
				CLANG_WARN_BLOCK_CAPTURE_AUTORELEASING = YES;
				CLANG_WARN_BOOL_CONVERSION = YES;
				CLANG_WARN_COMMA = YES;
				CLANG_WARN_CONSTANT_CONVERSION = YES;
				CLANG_WARN_DEPRECATED_OBJC_IMPLEMENTATIONS = YES;
				CLANG_WARN_DIRECT_OBJC_ISA_USAGE = YES_ERROR;
				CLANG_WARN_DOCUMENTATION_COMMENTS = YES;
				CLANG_WARN_EMPTY_BODY = YES;
				CLANG_WARN_ENUM_CONVERSION = YES;
				CLANG_WARN_INFINITE_RECURSION = YES;
				CLANG_WARN_INT_CONVERSION = YES;
				CLANG_WARN_NON_LITERAL_NULL_CONVERSION = YES;
				CLANG_WARN_OBJC_IMPLICIT_RETAIN_SELF = YES;
				CLANG_WARN_OBJC_LITERAL_CONVERSION = YES;
				CLANG_WARN_OBJC_ROOT_CLASS = YES_ERROR;
				CLANG_WARN_RANGE_LOOP_ANALYSIS = YES;
				CLANG_WARN_STRICT_PROTOTYPES = YES;
				CLANG_WARN_SUSPICIOUS_MOVE = YES;
				CLANG_WARN_UNGUARDED_AVAILABILITY = YES_AGGRESSIVE;
				CLANG_WARN_UNREACHABLE_CODE = YES;
				CLANG_WARN__DUPLICATE_METHOD_MATCH = YES;
				COPY_PHASE_STRIP = NO;
				DEBUG_INFORMATION_FORMAT = "dwarf-with-dsym";
				ENABLE_NS_ASSERTIONS = NO;
				ENABLE_STRICT_OBJC_MSGSEND = YES;
				GCC_C_LANGUAGE_STANDARD = gnu11;
				GCC_NO_COMMON_BLOCKS = YES;
				GCC_WARN_64_TO_32_BIT_CONVERSION = YES;
				GCC_WARN_ABOUT_RETURN_TYPE = YES_ERROR;
				GCC_WARN_UNDECLARED_SELECTOR = YES;
				GCC_WARN_UNINITIALIZED_AUTOS = YES_AGGRESSIVE;
				GCC_WARN_UNUSED_FUNCTION = YES;
				GCC_WARN_UNUSED_VARIABLE = YES;
				IPHONEOS_DEPLOYMENT_TARGET = 13.2;
				MTL_ENABLE_DEBUG_INFO = NO;
				MTL_FAST_MATH = YES;
				SDKROOT = iphoneos;
				SWIFT_COMPILATION_MODE = wholemodule;
				SWIFT_OPTIMIZATION_LEVEL = "-O";
				VALIDATE_PRODUCT = YES;
			};
			name = Release;
		};
		6260B9EB23FC817600361ABD /* Debug */ = {
			isa = XCBuildConfiguration;
			buildSettings = {
				ASSETCATALOG_COMPILER_APPICON_NAME = AppIcon;
				CODE_SIGN_STYLE = Automatic;
				DEVELOPMENT_TEAM = X6CQY4YY34;
				INFOPLIST_FILE = Events/Info.plist;
				LD_RUNPATH_SEARCH_PATHS = (
					"$(inherited)",
					"@executable_path/Frameworks",
				);
				PRODUCT_BUNDLE_IDENTIFIER = br.com.arthurgiachini.Events;
				PRODUCT_NAME = "$(TARGET_NAME)";
				SWIFT_VERSION = 5.0;
				TARGETED_DEVICE_FAMILY = "1,2";
			};
			name = Debug;
		};
		6260B9EC23FC817600361ABD /* Release */ = {
			isa = XCBuildConfiguration;
			buildSettings = {
				ASSETCATALOG_COMPILER_APPICON_NAME = AppIcon;
				CODE_SIGN_STYLE = Automatic;
				DEVELOPMENT_TEAM = X6CQY4YY34;
				INFOPLIST_FILE = Events/Info.plist;
				LD_RUNPATH_SEARCH_PATHS = (
					"$(inherited)",
					"@executable_path/Frameworks",
				);
				PRODUCT_BUNDLE_IDENTIFIER = br.com.arthurgiachini.Events;
				PRODUCT_NAME = "$(TARGET_NAME)";
				SWIFT_VERSION = 5.0;
				TARGETED_DEVICE_FAMILY = "1,2";
			};
			name = Release;
		};
		6260B9EE23FC817600361ABD /* Debug */ = {
			isa = XCBuildConfiguration;
			buildSettings = {
				ALWAYS_EMBED_SWIFT_STANDARD_LIBRARIES = YES;
				BUNDLE_LOADER = "$(TEST_HOST)";
				CODE_SIGN_STYLE = Automatic;
				DEVELOPMENT_TEAM = X6CQY4YY34;
				INFOPLIST_FILE = EventsTests/Info.plist;
				IPHONEOS_DEPLOYMENT_TARGET = 13.2;
				LD_RUNPATH_SEARCH_PATHS = (
					"$(inherited)",
					"@executable_path/Frameworks",
					"@loader_path/Frameworks",
				);
				PRODUCT_BUNDLE_IDENTIFIER = br.com.arthurgiachini.EventsTests;
				PRODUCT_NAME = "$(TARGET_NAME)";
				SWIFT_VERSION = 5.0;
				TARGETED_DEVICE_FAMILY = "1,2";
				TEST_HOST = "$(BUILT_PRODUCTS_DIR)/Events.app/Events";
			};
			name = Debug;
		};
		6260B9EF23FC817600361ABD /* Release */ = {
			isa = XCBuildConfiguration;
			buildSettings = {
				ALWAYS_EMBED_SWIFT_STANDARD_LIBRARIES = YES;
				BUNDLE_LOADER = "$(TEST_HOST)";
				CODE_SIGN_STYLE = Automatic;
				DEVELOPMENT_TEAM = X6CQY4YY34;
				INFOPLIST_FILE = EventsTests/Info.plist;
				IPHONEOS_DEPLOYMENT_TARGET = 13.2;
				LD_RUNPATH_SEARCH_PATHS = (
					"$(inherited)",
					"@executable_path/Frameworks",
					"@loader_path/Frameworks",
				);
				PRODUCT_BUNDLE_IDENTIFIER = br.com.arthurgiachini.EventsTests;
				PRODUCT_NAME = "$(TARGET_NAME)";
				SWIFT_VERSION = 5.0;
				TARGETED_DEVICE_FAMILY = "1,2";
				TEST_HOST = "$(BUILT_PRODUCTS_DIR)/Events.app/Events";
			};
			name = Release;
		};
/* End XCBuildConfiguration section */

/* Begin XCConfigurationList section */
		6260B9C623FC817400361ABD /* Build configuration list for PBXProject "Events" */ = {
			isa = XCConfigurationList;
			buildConfigurations = (
				6260B9E823FC817600361ABD /* Debug */,
				6260B9E923FC817600361ABD /* Release */,
			);
			defaultConfigurationIsVisible = 0;
			defaultConfigurationName = Release;
		};
		6260B9EA23FC817600361ABD /* Build configuration list for PBXNativeTarget "Events" */ = {
			isa = XCConfigurationList;
			buildConfigurations = (
				6260B9EB23FC817600361ABD /* Debug */,
				6260B9EC23FC817600361ABD /* Release */,
			);
			defaultConfigurationIsVisible = 0;
			defaultConfigurationName = Release;
		};
		6260B9ED23FC817600361ABD /* Build configuration list for PBXNativeTarget "EventsTests" */ = {
			isa = XCConfigurationList;
			buildConfigurations = (
				6260B9EE23FC817600361ABD /* Debug */,
				6260B9EF23FC817600361ABD /* Release */,
			);
			defaultConfigurationIsVisible = 0;
			defaultConfigurationName = Release;
		};
/* End XCConfigurationList section */

/* Begin XCRemoteSwiftPackageReference section */
		62BDBBCC23FCA061008E91F4 /* XCRemoteSwiftPackageReference "Alamofire" */ = {
			isa = XCRemoteSwiftPackageReference;
			repositoryURL = "https://github.com/Alamofire/Alamofire.git";
			requirement = {
				kind = upToNextMajorVersion;
				minimumVersion = 5.0.0;
			};
		};
		62BDBBD723FCD028008E91F4 /* XCRemoteSwiftPackageReference "RxSwift" */ = {
			isa = XCRemoteSwiftPackageReference;
			repositoryURL = "https://github.com/ReactiveX/RxSwift.git";
			requirement = {
				kind = upToNextMajorVersion;
				minimumVersion = 5.0.1;
			};
		};
/* End XCRemoteSwiftPackageReference section */

/* Begin XCSwiftPackageProductDependency section */
		62BDBBCD23FCA061008E91F4 /* Alamofire */ = {
			isa = XCSwiftPackageProductDependency;
			package = 62BDBBCC23FCA061008E91F4 /* XCRemoteSwiftPackageReference "Alamofire" */;
			productName = Alamofire;
		};
		62BDBBD823FCD028008E91F4 /* RxSwift */ = {
			isa = XCSwiftPackageProductDependency;
			package = 62BDBBD723FCD028008E91F4 /* XCRemoteSwiftPackageReference "RxSwift" */;
			productName = RxSwift;
		};
		62BDBBDA23FCD028008E91F4 /* RxCocoa */ = {
			isa = XCSwiftPackageProductDependency;
			package = 62BDBBD723FCD028008E91F4 /* XCRemoteSwiftPackageReference "RxSwift" */;
			productName = RxCocoa;
		};
/* End XCSwiftPackageProductDependency section */
	};
	rootObject = 6260B9C323FC817400361ABD /* Project object */;
}
